
Microsoft Visual Studio Solution File, Format Version 12.00
# Visual Studio 2013
VisualStudioVersion = 12.0.31101.0
MinimumVisualStudioVersion = 10.0.40219.1
Project("{FAE04EC0-301F-11D3-BF4B-00C04F79EFBC}") = "Apv.Web.Api", "Apv.Web.Api\Apv.Web.Api.csproj", "{103688B9-1A32-4386-BA85-2BA61615A602}"
EndProject
Project("{FAE04EC0-301F-11D3-BF4B-00C04F79EFBC}") = "Apv.Web.Api.Tests", "Apv.Web.Api.Tests\Apv.Web.Api.Tests.csproj", "{1B5FB3C5-DEE0-4215-A022-5D2E61CA0C88}"
EndProject
Project("{FAE04EC0-301F-11D3-BF4B-00C04F79EFBC}") = "Apv.Web.Client", "Apv.Web.Client\Apv.Web.Client.csproj", "{7DD29550-1ECC-4D61-AE56-0F9F007D0812}"
EndProject
Project("{FAE04EC0-301F-11D3-BF4B-00C04F79EFBC}") = "Apv.Web.DataAccess", "Apv.Web.DataAccess\Apv.Web.DataAccess.csproj", "{E81B360C-9D88-4144-8D6E-8C6122A80C48}"
EndProject
Project("{FAE04EC0-301F-11D3-BF4B-00C04F79EFBC}") = "Apv.Web.DataAccess.UnitTest", "Apv.Web.DataAccess.UnitTest\Apv.Web.DataAccess.UnitTest.csproj", "{34438C59-EA09-4E4F-9EF5-9F5A33053982}"
EndProject
Project("{FAE04EC0-301F-11D3-BF4B-00C04F79EFBC}") = "Apv.Web.DataAccess.Mock", "Apv.Web.DataAccess.Mock\Apv.Web.DataAccess.Mock.csproj", "{167842A3-2DFA-4D93-8AC8-145643E35645}"
EndProject
Global
	GlobalSection(SolutionConfigurationPlatforms) = preSolution
		Debug|Any CPU = Debug|Any CPU
		Release|Any CPU = Release|Any CPU
	EndGlobalSection
	GlobalSection(ProjectConfigurationPlatforms) = postSolution
		{103688B9-1A32-4386-BA85-2BA61615A602}.Debug|Any CPU.ActiveCfg = Debug|Any CPU
		{103688B9-1A32-4386-BA85-2BA61615A602}.Debug|Any CPU.Build.0 = Debug|Any CPU
		{103688B9-1A32-4386-BA85-2BA61615A602}.Release|Any CPU.ActiveCfg = Release|Any CPU
		{103688B9-1A32-4386-BA85-2BA61615A602}.Release|Any CPU.Build.0 = Release|Any CPU
		{1B5FB3C5-DEE0-4215-A022-5D2E61CA0C88}.Debug|Any CPU.ActiveCfg = Debug|Any CPU
		{1B5FB3C5-DEE0-4215-A022-5D2E61CA0C88}.Debug|Any CPU.Build.0 = Debug|Any CPU
		{1B5FB3C5-DEE0-4215-A022-5D2E61CA0C88}.Release|Any CPU.ActiveCfg = Release|Any CPU
		{1B5FB3C5-DEE0-4215-A022-5D2E61CA0C88}.Release|Any CPU.Build.0 = Release|Any CPU
		{7DD29550-1ECC-4D61-AE56-0F9F007D0812}.Debug|Any CPU.ActiveCfg = Debug|Any CPU
		{7DD29550-1ECC-4D61-AE56-0F9F007D0812}.Debug|Any CPU.Build.0 = Debug|Any CPU
		{7DD29550-1ECC-4D61-AE56-0F9F007D0812}.Release|Any CPU.ActiveCfg = Release|Any CPU
		{7DD29550-1ECC-4D61-AE56-0F9F007D0812}.Release|Any CPU.Build.0 = Release|Any CPU
		{E81B360C-9D88-4144-8D6E-8C6122A80C48}.Debug|Any CPU.ActiveCfg = Debug|Any CPU
		{E81B360C-9D88-4144-8D6E-8C6122A80C48}.Debug|Any CPU.Build.0 = Debug|Any CPU
		{E81B360C-9D88-4144-8D6E-8C6122A80C48}.Release|Any CPU.ActiveCfg = Release|Any CPU
		{E81B360C-9D88-4144-8D6E-8C6122A80C48}.Release|Any CPU.Build.0 = Release|Any CPU
		{34438C59-EA09-4E4F-9EF5-9F5A33053982}.Debug|Any CPU.ActiveCfg = Debug|Any CPU
		{34438C59-EA09-4E4F-9EF5-9F5A33053982}.Debug|Any CPU.Build.0 = Debug|Any CPU
		{34438C59-EA09-4E4F-9EF5-9F5A33053982}.Release|Any CPU.ActiveCfg = Release|Any CPU
		{34438C59-EA09-4E4F-9EF5-9F5A33053982}.Release|Any CPU.Build.0 = Release|Any CPU
		{167842A3-2DFA-4D93-8AC8-145643E35645}.Debug|Any CPU.ActiveCfg = Debug|Any CPU
		{167842A3-2DFA-4D93-8AC8-145643E35645}.Debug|Any CPU.Build.0 = Debug|Any CPU
		{167842A3-2DFA-4D93-8AC8-145643E35645}.Release|Any CPU.ActiveCfg = Release|Any CPU
		{167842A3-2DFA-4D93-8AC8-145643E35645}.Release|Any CPU.Build.0 = Release|Any CPU
	EndGlobalSection
	GlobalSection(SolutionProperties) = preSolution
		HideSolutionNode = FALSE
	EndGlobalSection
EndGlobal
